{
  "requires": true,
  "lockfileVersion": 1,
  "dependencies": {
    "react-icons": {
      "version": "3.5.0",
      "resolved": "https://registry.npmjs.org/react-icons/-/react-icons-3.5.0.tgz",
      "integrity": "sha512-LuKUcavgPWjPrRkIdNbsGw8LqcnhfNN0AGCtU4Td1UkOenJSIWbYppSJrD6zi/TDZOHtTs9opu6ZKB/NFWk21g=="
    }
  }
}
